# This file is generated by running "yarn install" inside your project.
# Manual changes might be lost - proceed with caution!

__metadata:
  version: 4
  cacheKey: 7

"a@workspace:apps/a":
  version: 0.0.0-use.local
  resolution: "a@workspace:apps/a"
  dependencies:
    left-pad: 1.1.3
  languageName: unknown
  linkType: soft

"b@workspace:apps/b":
  version: 0.0.0-use.local
  resolution: "b@workspace:apps/b"
  dependencies:
    left-pad: 1.2.0
  languageName: unknown
  linkType: soft

"c@workspace:apps/c":
  version: 0.0.0-use.local
  resolution: "c@workspace:apps/c"
  dependencies:
    left-pad: 1.3.0
  languageName: unknown
  linkType: soft

"left-pad@npm:1.1.3":
  version: 1.1.3
  resolution: "left-pad@npm:1.1.3"
  checksum: 484abc1a07ba933a72498af329c29d1ebd82f54cd60a4b2e4d2603e258fb752170750121aa7cb897a17d85eac50e5c4f248723c7cf327d2da0118e82e96e44b7
  languageName: node
  linkType: hard

"left-pad@npm:1.2.0":
  version: 1.2.0
  resolution: "left-pad@npm:1.2.0"
  checksum: 74e09254db180a5d246d4f1bc06b2e44601a8b155ce4bf3acbfa8a44046a0fa352f3070763abb479e0c9873f422c809882535862177b9d9694f0897cdf05370f
  languageName: node
  linkType: hard

"left-pad@npm:1.3.0":
  version: 1.3.0
  resolution: "left-pad@npm:1.3.0"
  checksum: d27d5f51e3e25ffa7d4de92d62d740e723dfa7ce004f835592cc3e80d940303b29ceed43bf572a4071c58cb07a4558a40b50bfcbe2e1b911d2bef58c4e786613
  languageName: node
  linkType: hard

"root@workspace:.":
  version: 0.0.0-use.local
  resolution: "root@workspace:."
  languageName: unknown
  linkType: soft
